
Microsoft Visual Studio Solution File, Format Version 12.00
# Visual Studio Version 17
VisualStudioVersion = 17.5.33530.505
MinimumVisualStudioVersion = 10.0.40219.1
Project("{9A19103F-16F7-4668-BE54-9A1E7A4F7556}") = "BlazorWebAssemblyApp", "BlazorWebAssemblyApp\BlazorWebAssemblyApp.csproj", "{496B9AF4-F058-4280-8652-7494AA7316A4}"
EndProject
Project("{9A19103F-16F7-4668-BE54-9A1E7A4F7556}") = "AppLogic", "Blazor.AppLogic\AppLogic.csproj", "{ED2C2A5C-047A-4E07-94C0-3826CB195532}"
EndProject
Project("{9A19103F-16F7-4668-BE54-9A1E7A4F7556}") = "BlazorServerApp", "BlazorServerApp\BlazorServerApp.csproj", "{66E16CF6-C03B-436E-B637-CE6C57146309}"
EndProject
Project("{9A19103F-16F7-4668-BE54-9A1E7A4F7556}") = "BlazorMauiApp", "BlazorMauiApp\BlazorMauiApp.csproj", "{4133075E-B17C-4248-ABF2-6C06F7CBB849}"
EndProject
Project("{9A19103F-16F7-4668-BE54-9A1E7A4F7556}") = "ASP.MVC", "ASP.MVC\ASP.MVC.csproj", "{37EA5F71-8375-41B6-9C2C-8FD2F967C36B}"
EndProject
Project("{2150E333-8FDC-42A3-9474-1A3956D46DE8}") = "Clients", "Clients", "{9E5C6C56-70E1-436A-B203-EB4173CCA2E6}"
EndProject
Project("{2150E333-8FDC-42A3-9474-1A3956D46DE8}") = "Backend", "Backend", "{66AEE4AF-7249-4CCE-AB78-A62B4BA7CC1D}"
EndProject
Project("{9A19103F-16F7-4668-BE54-9A1E7A4F7556}") = "Domain", "Domain\Domain.csproj", "{5212443B-2C26-47E0-A4B4-43262D0232B4}"
EndProject
Global
	GlobalSection(SolutionConfigurationPlatforms) = preSolution
		Debug|Any CPU = Debug|Any CPU
		Release|Any CPU = Release|Any CPU
	EndGlobalSection
	GlobalSection(ProjectConfigurationPlatforms) = postSolution
		{496B9AF4-F058-4280-8652-7494AA7316A4}.Debug|Any CPU.ActiveCfg = Debug|Any CPU
		{496B9AF4-F058-4280-8652-7494AA7316A4}.Debug|Any CPU.Build.0 = Debug|Any CPU
		{496B9AF4-F058-4280-8652-7494AA7316A4}.Release|Any CPU.ActiveCfg = Release|Any CPU
		{496B9AF4-F058-4280-8652-7494AA7316A4}.Release|Any CPU.Build.0 = Release|Any CPU
		{ED2C2A5C-047A-4E07-94C0-3826CB195532}.Debug|Any CPU.ActiveCfg = Debug|Any CPU
		{ED2C2A5C-047A-4E07-94C0-3826CB195532}.Debug|Any CPU.Build.0 = Debug|Any CPU
		{ED2C2A5C-047A-4E07-94C0-3826CB195532}.Release|Any CPU.ActiveCfg = Release|Any CPU
		{ED2C2A5C-047A-4E07-94C0-3826CB195532}.Release|Any CPU.Build.0 = Release|Any CPU
		{66E16CF6-C03B-436E-B637-CE6C57146309}.Debug|Any CPU.ActiveCfg = Debug|Any CPU
		{66E16CF6-C03B-436E-B637-CE6C57146309}.Debug|Any CPU.Build.0 = Debug|Any CPU
		{66E16CF6-C03B-436E-B637-CE6C57146309}.Release|Any CPU.ActiveCfg = Release|Any CPU
		{66E16CF6-C03B-436E-B637-CE6C57146309}.Release|Any CPU.Build.0 = Release|Any CPU
		{4133075E-B17C-4248-ABF2-6C06F7CBB849}.Debug|Any CPU.ActiveCfg = Debug|Any CPU
		{4133075E-B17C-4248-ABF2-6C06F7CBB849}.Debug|Any CPU.Build.0 = Debug|Any CPU
		{4133075E-B17C-4248-ABF2-6C06F7CBB849}.Debug|Any CPU.Deploy.0 = Debug|Any CPU
		{4133075E-B17C-4248-ABF2-6C06F7CBB849}.Release|Any CPU.ActiveCfg = Release|Any CPU
		{4133075E-B17C-4248-ABF2-6C06F7CBB849}.Release|Any CPU.Build.0 = Release|Any CPU
		{4133075E-B17C-4248-ABF2-6C06F7CBB849}.Release|Any CPU.Deploy.0 = Release|Any CPU
		{37EA5F71-8375-41B6-9C2C-8FD2F967C36B}.Debug|Any CPU.ActiveCfg = Debug|Any CPU
		{37EA5F71-8375-41B6-9C2C-8FD2F967C36B}.Debug|Any CPU.Build.0 = Debug|Any CPU
		{37EA5F71-8375-41B6-9C2C-8FD2F967C36B}.Release|Any CPU.ActiveCfg = Release|Any CPU
		{37EA5F71-8375-41B6-9C2C-8FD2F967C36B}.Release|Any CPU.Build.0 = Release|Any CPU
		{5212443B-2C26-47E0-A4B4-43262D0232B4}.Debug|Any CPU.ActiveCfg = Debug|Any CPU
		{5212443B-2C26-47E0-A4B4-43262D0232B4}.Debug|Any CPU.Build.0 = Debug|Any CPU
		{5212443B-2C26-47E0-A4B4-43262D0232B4}.Release|Any CPU.ActiveCfg = Release|Any CPU
		{5212443B-2C26-47E0-A4B4-43262D0232B4}.Release|Any CPU.Build.0 = Release|Any CPU
	EndGlobalSection
	GlobalSection(SolutionProperties) = preSolution
		HideSolutionNode = FALSE
	EndGlobalSection
	GlobalSection(NestedProjects) = preSolution
		{496B9AF4-F058-4280-8652-7494AA7316A4} = {9E5C6C56-70E1-436A-B203-EB4173CCA2E6}
		{ED2C2A5C-047A-4E07-94C0-3826CB195532} = {66AEE4AF-7249-4CCE-AB78-A62B4BA7CC1D}
		{66E16CF6-C03B-436E-B637-CE6C57146309} = {9E5C6C56-70E1-436A-B203-EB4173CCA2E6}
		{4133075E-B17C-4248-ABF2-6C06F7CBB849} = {9E5C6C56-70E1-436A-B203-EB4173CCA2E6}
		{37EA5F71-8375-41B6-9C2C-8FD2F967C36B} = {9E5C6C56-70E1-436A-B203-EB4173CCA2E6}
		{5212443B-2C26-47E0-A4B4-43262D0232B4} = {66AEE4AF-7249-4CCE-AB78-A62B4BA7CC1D}
	EndGlobalSection
	GlobalSection(ExtensibilityGlobals) = postSolution
		SolutionGuid = {03D9777D-C262-4CCB-AE98-94100F7409BF}
	EndGlobalSection
EndGlobal
